{
  "version": 4,
  "terraform_version": "1.3.7",
  "serial": 1,
  "lineage": "5b951a70-9b58-59d7-346f-4c6dc93371bb",
  "outputs": {},
  "resources": [
    {
      "mode": "managed",
      "type": "aws_vpc",
      "name": "example",
      "provider": "provider[\"registry.terraform.io/hashicorp/aws\"]",
      "instances": [
        {
          "schema_version": 1,
          "attributes": {
            "arn": "arn:aws:ec2:us-east-1:388744576537:vpc/vpc-0fc71616171a3da46",
            "assign_generated_ipv6_cidr_block": false,
            "cidr_block": "10.0.0.0/16",
            "default_network_acl_id": "acl-040c910f65f4afa15",
            "default_route_table_id": "rtb-0e863ca4da2cc7f9d",
            "default_security_group_id": "sg-0df2d04dd725fd601",
            "dhcp_options_id": "dopt-038606095fbffafbf",
            "enable_classiclink": false,
            "enable_classiclink_dns_support": false,
            "enable_dns_hostnames": false,
            "enable_dns_support": true,
            "enable_network_address_usage_metrics": false,
            "id": "vpc-0fc71616171a3da46",
            "instance_tenancy": "default",
            "ipv4_ipam_pool_id": null,
            "ipv4_netmask_length": null,
            "ipv6_association_id": "",
            "ipv6_cidr_block": "",
            "ipv6_cidr_block_network_border_group": "",
            "ipv6_ipam_pool_id": "",
            "ipv6_netmask_length": 0,
            "main_route_table_id": "rtb-0e863ca4da2cc7f9d",
            "owner_id": "388744576537",
            "tags": {
              "Name": "TF-vpc"
            },
            "tags_all": {
              "Name": "TF-vpc"
            }
          },
          "sensitive_attributes": [],
          "private": "eyJzY2hlbWFfdmVyc2lvbiI6IjEifQ=="
        }
      ]
    }
  ],
  "check_results": null
}
